
Microsoft Visual Studio Solution File, Format Version 12.00
# Visual Studio Version 17
VisualStudioVersion = 17.7.34003.232
MinimumVisualStudioVersion = 10.0.40219.1
Project("{9A19103F-16F7-4668-BE54-9A1E7A4F7556}") = "DiplomskiProjekat.Api", "DiplomskiProjekat.Api\DiplomskiProjekat.Api.csproj", "{74A8277C-ECB1-4DB0-A8DD-F79927E13B25}"
EndProject
Project("{9A19103F-16F7-4668-BE54-9A1E7A4F7556}") = "DiplomskiProjekat.Domain", "DiplomskiProjekat.Domain\DiplomskiProjekat.Domain.csproj", "{0DAD3503-FE57-47EC-B13D-A7B18A7ABA7C}"
EndProject
Project("{9A19103F-16F7-4668-BE54-9A1E7A4F7556}") = "DiplomskiProjekat.DataAccess", "DiplomskiProjekat.DataAccess\DiplomskiProjekat.DataAccess.csproj", "{FFB3F121-349E-4DBF-B84A-0D0DFC32A2EE}"
EndProject
Project("{FAE04EC0-301F-11D3-BF4B-00C04F79EFBC}") = "DiplomskiProjekat.Application", "DiplomskiProjekat.Application\DiplomskiProjekat.Application.csproj", "{BBAF5489-91F4-48FD-8A53-7B97E19F3E39}"
EndProject
Project("{FAE04EC0-301F-11D3-BF4B-00C04F79EFBC}") = "DiplomskiProjekat.Implementation", "DiplomskiProjekat.Implementation\DiplomskiProjekat.Implementation.csproj", "{184C62EA-86FB-429D-86C6-EEE5ECD74BD3}"
EndProject
Global
	GlobalSection(SolutionConfigurationPlatforms) = preSolution
		Debug|Any CPU = Debug|Any CPU
		Release|Any CPU = Release|Any CPU
	EndGlobalSection
	GlobalSection(ProjectConfigurationPlatforms) = postSolution
		{74A8277C-ECB1-4DB0-A8DD-F79927E13B25}.Debug|Any CPU.ActiveCfg = Debug|Any CPU
		{74A8277C-ECB1-4DB0-A8DD-F79927E13B25}.Debug|Any CPU.Build.0 = Debug|Any CPU
		{74A8277C-ECB1-4DB0-A8DD-F79927E13B25}.Release|Any CPU.ActiveCfg = Release|Any CPU
		{74A8277C-ECB1-4DB0-A8DD-F79927E13B25}.Release|Any CPU.Build.0 = Release|Any CPU
		{0DAD3503-FE57-47EC-B13D-A7B18A7ABA7C}.Debug|Any CPU.ActiveCfg = Debug|Any CPU
		{0DAD3503-FE57-47EC-B13D-A7B18A7ABA7C}.Debug|Any CPU.Build.0 = Debug|Any CPU
		{0DAD3503-FE57-47EC-B13D-A7B18A7ABA7C}.Release|Any CPU.ActiveCfg = Release|Any CPU
		{0DAD3503-FE57-47EC-B13D-A7B18A7ABA7C}.Release|Any CPU.Build.0 = Release|Any CPU
		{FFB3F121-349E-4DBF-B84A-0D0DFC32A2EE}.Debug|Any CPU.ActiveCfg = Debug|Any CPU
		{FFB3F121-349E-4DBF-B84A-0D0DFC32A2EE}.Debug|Any CPU.Build.0 = Debug|Any CPU
		{FFB3F121-349E-4DBF-B84A-0D0DFC32A2EE}.Release|Any CPU.ActiveCfg = Release|Any CPU
		{FFB3F121-349E-4DBF-B84A-0D0DFC32A2EE}.Release|Any CPU.Build.0 = Release|Any CPU
		{BBAF5489-91F4-48FD-8A53-7B97E19F3E39}.Debug|Any CPU.ActiveCfg = Debug|Any CPU
		{BBAF5489-91F4-48FD-8A53-7B97E19F3E39}.Debug|Any CPU.Build.0 = Debug|Any CPU
		{BBAF5489-91F4-48FD-8A53-7B97E19F3E39}.Release|Any CPU.ActiveCfg = Release|Any CPU
		{BBAF5489-91F4-48FD-8A53-7B97E19F3E39}.Release|Any CPU.Build.0 = Release|Any CPU
		{184C62EA-86FB-429D-86C6-EEE5ECD74BD3}.Debug|Any CPU.ActiveCfg = Debug|Any CPU
		{184C62EA-86FB-429D-86C6-EEE5ECD74BD3}.Debug|Any CPU.Build.0 = Debug|Any CPU
		{184C62EA-86FB-429D-86C6-EEE5ECD74BD3}.Release|Any CPU.ActiveCfg = Release|Any CPU
		{184C62EA-86FB-429D-86C6-EEE5ECD74BD3}.Release|Any CPU.Build.0 = Release|Any CPU
	EndGlobalSection
	GlobalSection(SolutionProperties) = preSolution
		HideSolutionNode = FALSE
	EndGlobalSection
	GlobalSection(ExtensibilityGlobals) = postSolution
		SolutionGuid = {E32BE001-9EE9-474B-881D-6979B95779E5}
	EndGlobalSection
EndGlobal
